
Microsoft Visual Studio Solution File, Format Version 12.00
# Visual Studio Version 17
VisualStudioVersion = 17.4.33403.182
MinimumVisualStudioVersion = 10.0.40219.1
Project("{9A19103F-16F7-4668-BE54-9A1E7A4F7556}") = "FitnessPassApp", "FitnessPassApp.csproj", "{89D16B58-1375-4307-94AA-8854710F5C0D}"
EndProject
Project("{FAE04EC0-301F-11D3-BF4B-00C04F79EFBC}") = "FitnessPassDBEF", "..\FitnessPassDBEF\FitnessPassDBEF.csproj", "{3247FE2E-85A1-479F-B78A-5B8D63FB3B05}"
EndProject
Global
	GlobalSection(SolutionConfigurationPlatforms) = preSolution
		Debug|Any CPU = Debug|Any CPU
		Release|Any CPU = Release|Any CPU
	EndGlobalSection
	GlobalSection(ProjectConfigurationPlatforms) = postSolution
		{89D16B58-1375-4307-94AA-8854710F5C0D}.Debug|Any CPU.ActiveCfg = Debug|Any CPU
		{89D16B58-1375-4307-94AA-8854710F5C0D}.Debug|Any CPU.Build.0 = Debug|Any CPU
		{89D16B58-1375-4307-94AA-8854710F5C0D}.Release|Any CPU.ActiveCfg = Release|Any CPU
		{89D16B58-1375-4307-94AA-8854710F5C0D}.Release|Any CPU.Build.0 = Release|Any CPU
		{3247FE2E-85A1-479F-B78A-5B8D63FB3B05}.Debug|Any CPU.ActiveCfg = Debug|Any CPU
		{3247FE2E-85A1-479F-B78A-5B8D63FB3B05}.Debug|Any CPU.Build.0 = Debug|Any CPU
		{3247FE2E-85A1-479F-B78A-5B8D63FB3B05}.Release|Any CPU.ActiveCfg = Release|Any CPU
		{3247FE2E-85A1-479F-B78A-5B8D63FB3B05}.Release|Any CPU.Build.0 = Release|Any CPU
	EndGlobalSection
	GlobalSection(SolutionProperties) = preSolution
		HideSolutionNode = FALSE
	EndGlobalSection
	GlobalSection(ExtensibilityGlobals) = postSolution
		SolutionGuid = {6E730243-4FAB-48AF-834F-6199938DC645}
	EndGlobalSection
EndGlobal
